
Microsoft Visual Studio Solution File, Format Version 12.00
# Visual Studio Version 17
VisualStudioVersion = 17.0.31903.59
MinimumVisualStudioVersion = 10.0.40219.1
Project("{9A19103F-16F7-4668-BE54-9A1E7A4F7556}") = "273. Integer to English Words", "273. Integer to English Words\273. Integer to English Words.csproj", "{BF2D0912-E819-424B-BD04-2A47F5EC99F9}"
EndProject
Project("{9A19103F-16F7-4668-BE54-9A1E7A4F7556}") = "840. Magic Squares In Grid", "840. Magic Squares In Grid\840. Magic Squares In Grid.csproj", "{1C98B5C1-4F9B-4266-B8A6-9562CEF74F33}"
EndProject
Project("{9A19103F-16F7-4668-BE54-9A1E7A4F7556}") = "885. Spiral Matrix III", "885. Spiral Matrix III\885. Spiral Matrix III.csproj", "{9D6E5D39-BE43-4314-85AC-AEC8A3113A84}"
EndProject
Project("{9A19103F-16F7-4668-BE54-9A1E7A4F7556}") = "959. Regions Cut By Slashes", "959. Regions Cut By Slashes\959. Regions Cut By Slashes.csproj", "{C2A01491-AD82-47DB-8F52-755635585E5F}"
EndProject
Project("{9A19103F-16F7-4668-BE54-9A1E7A4F7556}") = "1568. Minimum Number of Days to Disconnect Island", "1568. Minimum Number of Days to Disconnect Island\1568. Minimum Number of Days to Disconnect Island.csproj", "{CE9EB447-EBD3-4F85-B8CD-B520AA39C58D}"
EndProject
Project("{9A19103F-16F7-4668-BE54-9A1E7A4F7556}") = "200. Number of Islands", "200. Number of Islands\200. Number of Islands.csproj", "{4ACF0BDD-F380-4FAD-BCC0-6018A167D82E}"
EndProject
Project("{9A19103F-16F7-4668-BE54-9A1E7A4F7556}") = "703. Kth Largest Element in a Stream", "703. Kth Largest Element in a Stream\703. Kth Largest Element in a Stream.csproj", "{63E6F295-4A12-43E7-BD89-554A11240577}"
EndProject
Project("{9A19103F-16F7-4668-BE54-9A1E7A4F7556}") = "40. Combination Sum II", "40. Combination Sum II\40. Combination Sum II.csproj", "{15E8FE82-DEB9-41A5-9C9E-888882F9B778}"
EndProject
Project("{9A19103F-16F7-4668-BE54-9A1E7A4F7556}") = "719. Find K-th Smallest Pair Distance", "719. Find K-th Smallest Pair Distance\719. Find K-th Smallest Pair Distance.csproj", "{50531D44-98A1-4EA5-8474-0EE42105D378}"
EndProject
Project("{9A19103F-16F7-4668-BE54-9A1E7A4F7556}") = "860. Lemonade Change", "860. Lemonade Change\860. Lemonade Change.csproj", "{2FC7424B-5427-4AF0-83B7-5002FFF782EA}"
EndProject
Project("{9A19103F-16F7-4668-BE54-9A1E7A4F7556}") = "624. Maximum Distance in Arrays", "624. Maximum Distance in Arrays\624. Maximum Distance in Arrays.csproj", "{CFF7A855-B132-4065-AFAB-66F8630B3F57}"
EndProject
Project("{9A19103F-16F7-4668-BE54-9A1E7A4F7556}") = "1937. Maximum Number of Points with Cost", "1937. Maximum Number of Points with Cost\1937. Maximum Number of Points with Cost.csproj", "{E615907C-EB6A-40BF-A07A-DA3D61E21891}"
EndProject
Project("{9A19103F-16F7-4668-BE54-9A1E7A4F7556}") = "264. Ugly Number II", "264. Ugly Number II\264. Ugly Number II.csproj", "{E246F178-E160-4181-AEAB-7ED35192642F}"
EndProject
Project("{9A19103F-16F7-4668-BE54-9A1E7A4F7556}") = "650. 2 Keys Keyboard", "650. 2 Keys Keyboard\650. 2 Keys Keyboard.csproj", "{5756765D-FBEC-490E-9723-15E320504FE9}"
EndProject
Project("{9A19103F-16F7-4668-BE54-9A1E7A4F7556}") = "2. Add Two Numbers", "2. Add Two Numbers\2. Add Two Numbers.csproj", "{E5E453DA-8CC0-4356-B126-EF95D6C47A8E}"
EndProject
Project("{FAE04EC0-301F-11D3-BF4B-00C04F79EFBC}") = "874. Walking Robot Simulation", "874. Walking Robot Simulation\874. Walking Robot Simulation.csproj", "{F9C869FD-BF10-4217-B843-BE32B3526869}"
EndProject
Global
	GlobalSection(SolutionConfigurationPlatforms) = preSolution
		Debug|Any CPU = Debug|Any CPU
		Release|Any CPU = Release|Any CPU
	EndGlobalSection
	GlobalSection(ProjectConfigurationPlatforms) = postSolution
		{BF2D0912-E819-424B-BD04-2A47F5EC99F9}.Debug|Any CPU.ActiveCfg = Debug|Any CPU
		{BF2D0912-E819-424B-BD04-2A47F5EC99F9}.Debug|Any CPU.Build.0 = Debug|Any CPU
		{BF2D0912-E819-424B-BD04-2A47F5EC99F9}.Release|Any CPU.ActiveCfg = Release|Any CPU
		{BF2D0912-E819-424B-BD04-2A47F5EC99F9}.Release|Any CPU.Build.0 = Release|Any CPU
		{1C98B5C1-4F9B-4266-B8A6-9562CEF74F33}.Debug|Any CPU.ActiveCfg = Debug|Any CPU
		{1C98B5C1-4F9B-4266-B8A6-9562CEF74F33}.Debug|Any CPU.Build.0 = Debug|Any CPU
		{1C98B5C1-4F9B-4266-B8A6-9562CEF74F33}.Release|Any CPU.ActiveCfg = Release|Any CPU
		{1C98B5C1-4F9B-4266-B8A6-9562CEF74F33}.Release|Any CPU.Build.0 = Release|Any CPU
		{9D6E5D39-BE43-4314-85AC-AEC8A3113A84}.Debug|Any CPU.ActiveCfg = Debug|Any CPU
		{9D6E5D39-BE43-4314-85AC-AEC8A3113A84}.Debug|Any CPU.Build.0 = Debug|Any CPU
		{9D6E5D39-BE43-4314-85AC-AEC8A3113A84}.Release|Any CPU.ActiveCfg = Release|Any CPU
		{9D6E5D39-BE43-4314-85AC-AEC8A3113A84}.Release|Any CPU.Build.0 = Release|Any CPU
		{C2A01491-AD82-47DB-8F52-755635585E5F}.Debug|Any CPU.ActiveCfg = Debug|Any CPU
		{C2A01491-AD82-47DB-8F52-755635585E5F}.Debug|Any CPU.Build.0 = Debug|Any CPU
		{C2A01491-AD82-47DB-8F52-755635585E5F}.Release|Any CPU.ActiveCfg = Release|Any CPU
		{C2A01491-AD82-47DB-8F52-755635585E5F}.Release|Any CPU.Build.0 = Release|Any CPU
		{CE9EB447-EBD3-4F85-B8CD-B520AA39C58D}.Debug|Any CPU.ActiveCfg = Debug|Any CPU
		{CE9EB447-EBD3-4F85-B8CD-B520AA39C58D}.Debug|Any CPU.Build.0 = Debug|Any CPU
		{CE9EB447-EBD3-4F85-B8CD-B520AA39C58D}.Release|Any CPU.ActiveCfg = Release|Any CPU
		{CE9EB447-EBD3-4F85-B8CD-B520AA39C58D}.Release|Any CPU.Build.0 = Release|Any CPU
		{4ACF0BDD-F380-4FAD-BCC0-6018A167D82E}.Debug|Any CPU.ActiveCfg = Debug|Any CPU
		{4ACF0BDD-F380-4FAD-BCC0-6018A167D82E}.Debug|Any CPU.Build.0 = Debug|Any CPU
		{4ACF0BDD-F380-4FAD-BCC0-6018A167D82E}.Release|Any CPU.ActiveCfg = Release|Any CPU
		{4ACF0BDD-F380-4FAD-BCC0-6018A167D82E}.Release|Any CPU.Build.0 = Release|Any CPU
		{63E6F295-4A12-43E7-BD89-554A11240577}.Debug|Any CPU.ActiveCfg = Debug|Any CPU
		{63E6F295-4A12-43E7-BD89-554A11240577}.Debug|Any CPU.Build.0 = Debug|Any CPU
		{63E6F295-4A12-43E7-BD89-554A11240577}.Release|Any CPU.ActiveCfg = Release|Any CPU
		{63E6F295-4A12-43E7-BD89-554A11240577}.Release|Any CPU.Build.0 = Release|Any CPU
		{15E8FE82-DEB9-41A5-9C9E-888882F9B778}.Debug|Any CPU.ActiveCfg = Debug|Any CPU
		{15E8FE82-DEB9-41A5-9C9E-888882F9B778}.Debug|Any CPU.Build.0 = Debug|Any CPU
		{15E8FE82-DEB9-41A5-9C9E-888882F9B778}.Release|Any CPU.ActiveCfg = Release|Any CPU
		{15E8FE82-DEB9-41A5-9C9E-888882F9B778}.Release|Any CPU.Build.0 = Release|Any CPU
		{50531D44-98A1-4EA5-8474-0EE42105D378}.Debug|Any CPU.ActiveCfg = Debug|Any CPU
		{50531D44-98A1-4EA5-8474-0EE42105D378}.Debug|Any CPU.Build.0 = Debug|Any CPU
		{50531D44-98A1-4EA5-8474-0EE42105D378}.Release|Any CPU.ActiveCfg = Release|Any CPU
		{50531D44-98A1-4EA5-8474-0EE42105D378}.Release|Any CPU.Build.0 = Release|Any CPU
		{2FC7424B-5427-4AF0-83B7-5002FFF782EA}.Debug|Any CPU.ActiveCfg = Debug|Any CPU
		{2FC7424B-5427-4AF0-83B7-5002FFF782EA}.Debug|Any CPU.Build.0 = Debug|Any CPU
		{2FC7424B-5427-4AF0-83B7-5002FFF782EA}.Release|Any CPU.ActiveCfg = Release|Any CPU
		{2FC7424B-5427-4AF0-83B7-5002FFF782EA}.Release|Any CPU.Build.0 = Release|Any CPU
		{CFF7A855-B132-4065-AFAB-66F8630B3F57}.Debug|Any CPU.ActiveCfg = Debug|Any CPU
		{CFF7A855-B132-4065-AFAB-66F8630B3F57}.Debug|Any CPU.Build.0 = Debug|Any CPU
		{CFF7A855-B132-4065-AFAB-66F8630B3F57}.Release|Any CPU.ActiveCfg = Release|Any CPU
		{CFF7A855-B132-4065-AFAB-66F8630B3F57}.Release|Any CPU.Build.0 = Release|Any CPU
		{E615907C-EB6A-40BF-A07A-DA3D61E21891}.Debug|Any CPU.ActiveCfg = Debug|Any CPU
		{E615907C-EB6A-40BF-A07A-DA3D61E21891}.Debug|Any CPU.Build.0 = Debug|Any CPU
		{E615907C-EB6A-40BF-A07A-DA3D61E21891}.Release|Any CPU.ActiveCfg = Release|Any CPU
		{E615907C-EB6A-40BF-A07A-DA3D61E21891}.Release|Any CPU.Build.0 = Release|Any CPU
		{E246F178-E160-4181-AEAB-7ED35192642F}.Debug|Any CPU.ActiveCfg = Debug|Any CPU
		{E246F178-E160-4181-AEAB-7ED35192642F}.Debug|Any CPU.Build.0 = Debug|Any CPU
		{E246F178-E160-4181-AEAB-7ED35192642F}.Release|Any CPU.ActiveCfg = Release|Any CPU
		{E246F178-E160-4181-AEAB-7ED35192642F}.Release|Any CPU.Build.0 = Release|Any CPU
		{5756765D-FBEC-490E-9723-15E320504FE9}.Debug|Any CPU.ActiveCfg = Debug|Any CPU
		{5756765D-FBEC-490E-9723-15E320504FE9}.Debug|Any CPU.Build.0 = Debug|Any CPU
		{5756765D-FBEC-490E-9723-15E320504FE9}.Release|Any CPU.ActiveCfg = Release|Any CPU
		{5756765D-FBEC-490E-9723-15E320504FE9}.Release|Any CPU.Build.0 = Release|Any CPU
		{E5E453DA-8CC0-4356-B126-EF95D6C47A8E}.Debug|Any CPU.ActiveCfg = Debug|Any CPU
		{E5E453DA-8CC0-4356-B126-EF95D6C47A8E}.Debug|Any CPU.Build.0 = Debug|Any CPU
		{E5E453DA-8CC0-4356-B126-EF95D6C47A8E}.Release|Any CPU.ActiveCfg = Release|Any CPU
		{E5E453DA-8CC0-4356-B126-EF95D6C47A8E}.Release|Any CPU.Build.0 = Release|Any CPU
		{F9C869FD-BF10-4217-B843-BE32B3526869}.Debug|Any CPU.ActiveCfg = Debug|Any CPU
		{F9C869FD-BF10-4217-B843-BE32B3526869}.Debug|Any CPU.Build.0 = Debug|Any CPU
		{F9C869FD-BF10-4217-B843-BE32B3526869}.Release|Any CPU.ActiveCfg = Release|Any CPU
		{F9C869FD-BF10-4217-B843-BE32B3526869}.Release|Any CPU.Build.0 = Release|Any CPU
	EndGlobalSection
	GlobalSection(SolutionProperties) = preSolution
		HideSolutionNode = FALSE
	EndGlobalSection
	GlobalSection(ExtensibilityGlobals) = postSolution
		SolutionGuid = {D33A8F3E-2073-4791-9DD8-81DAAB895B9E}
	EndGlobalSection
EndGlobal
