
Microsoft Visual Studio Solution File, Format Version 12.00
# Visual Studio Version 17
VisualStudioVersion = 17.0.31903.59
MinimumVisualStudioVersion = 10.0.40219.1
Project("{9A19103F-16F7-4668-BE54-9A1E7A4F7556}") = "273. Integer to English Words", "273. Integer to English Words\273. Integer to English Words.csproj", "{BF2D0912-E819-424B-BD04-2A47F5EC99F9}"
EndProject
Project("{9A19103F-16F7-4668-BE54-9A1E7A4F7556}") = "840. Magic Squares In Grid", "840. Magic Squares In Grid\840. Magic Squares In Grid.csproj", "{1C98B5C1-4F9B-4266-B8A6-9562CEF74F33}"
EndProject
Project("{9A19103F-16F7-4668-BE54-9A1E7A4F7556}") = "885. Spiral Matrix III", "885. Spiral Matrix III\885. Spiral Matrix III.csproj", "{9D6E5D39-BE43-4314-85AC-AEC8A3113A84}"
EndProject
Project("{9A19103F-16F7-4668-BE54-9A1E7A4F7556}") = "959. Regions Cut By Slashes", "959. Regions Cut By Slashes\959. Regions Cut By Slashes.csproj", "{C2A01491-AD82-47DB-8F52-755635585E5F}"
EndProject
Project("{9A19103F-16F7-4668-BE54-9A1E7A4F7556}") = "1568. Minimum Number of Days to Disconnect Island", "1568. Minimum Number of Days to Disconnect Island\1568. Minimum Number of Days to Disconnect Island.csproj", "{CE9EB447-EBD3-4F85-B8CD-B520AA39C58D}"
EndProject
Project("{9A19103F-16F7-4668-BE54-9A1E7A4F7556}") = "200. Number of Islands", "200. Number of Islands\200. Number of Islands.csproj", "{4ACF0BDD-F380-4FAD-BCC0-6018A167D82E}"
EndProject
Project("{9A19103F-16F7-4668-BE54-9A1E7A4F7556}") = "703. Kth Largest Element in a Stream", "703. Kth Largest Element in a Stream\703. Kth Largest Element in a Stream.csproj", "{63E6F295-4A12-43E7-BD89-554A11240577}"
EndProject
Project("{9A19103F-16F7-4668-BE54-9A1E7A4F7556}") = "40. Combination Sum II", "40. Combination Sum II\40. Combination Sum II.csproj", "{15E8FE82-DEB9-41A5-9C9E-888882F9B778}"
EndProject
Project("{9A19103F-16F7-4668-BE54-9A1E7A4F7556}") = "719. Find K-th Smallest Pair Distance", "719. Find K-th Smallest Pair Distance\719. Find K-th Smallest Pair Distance.csproj", "{50531D44-98A1-4EA5-8474-0EE42105D378}"
EndProject
Project("{9A19103F-16F7-4668-BE54-9A1E7A4F7556}") = "860. Lemonade Change", "860. Lemonade Change\860. Lemonade Change.csproj", "{2FC7424B-5427-4AF0-83B7-5002FFF782EA}"
EndProject
Project("{9A19103F-16F7-4668-BE54-9A1E7A4F7556}") = "624. Maximum Distance in Arrays", "624. Maximum Distance in Arrays\624. Maximum Distance in Arrays.csproj", "{CFF7A855-B132-4065-AFAB-66F8630B3F57}"
EndProject
Project("{9A19103F-16F7-4668-BE54-9A1E7A4F7556}") = "1937. Maximum Number of Points with Cost", "1937. Maximum Number of Points with Cost\1937. Maximum Number of Points with Cost.csproj", "{E615907C-EB6A-40BF-A07A-DA3D61E21891}"
EndProject
Project("{9A19103F-16F7-4668-BE54-9A1E7A4F7556}") = "264. Ugly Number II", "264. Ugly Number II\264. Ugly Number II.csproj", "{E246F178-E160-4181-AEAB-7ED35192642F}"
EndProject
Project("{9A19103F-16F7-4668-BE54-9A1E7A4F7556}") = "650. 2 Keys Keyboard", "650. 2 Keys Keyboard\650. 2 Keys Keyboard.csproj", "{5756765D-FBEC-490E-9723-15E320504FE9}"
EndProject
Project("{9A19103F-16F7-4668-BE54-9A1E7A4F7556}") = "2. Add Two Numbers", "2. Add Two Numbers\2. Add Two Numbers.csproj", "{E5E453DA-8CC0-4356-B126-EF95D6C47A8E}"
EndProject
Project("{9A19103F-16F7-4668-BE54-9A1E7A4F7556}") = "874. Walking Robot Simulation", "874. Walking Robot Simulation\874. Walking Robot Simulation.csproj", "{F9C869FD-BF10-4217-B843-BE32B3526869}"
EndProject
Project("{9A19103F-16F7-4668-BE54-9A1E7A4F7556}") = "2028. Find Missing Observations", "2028. Find Missing Observations\2028. Find Missing Observations.csproj", "{2B922218-4887-4035-9D22-92F38E36636C}"
EndProject
Project("{9A19103F-16F7-4668-BE54-9A1E7A4F7556}") = "3217. Delete Nodes From Linked List Present in Array", "3217. Delete Nodes From Linked List Present in Array\3217. Delete Nodes From Linked List Present in Array.csproj", "{C110E99C-2B0A-4EF4-83B8-7D4CCB85EF6E}"
EndProject
Project("{9A19103F-16F7-4668-BE54-9A1E7A4F7556}") = "1367. Linked List in Binary Tree", "1367. Linked List in Binary Tree\1367. Linked List in Binary Tree.csproj", "{6A84F278-17D9-4634-8246-470C066EB222}"
EndProject
Project("{9A19103F-16F7-4668-BE54-9A1E7A4F7556}") = "Leetcode", "Leetcode\Leetcode.csproj", "{C413421A-2191-4731-A0B6-C4A61B5D40CD}"
EndProject
Project("{9A19103F-16F7-4668-BE54-9A1E7A4F7556}") = "725. Split Linked List in Parts", "725. Split Linked List in Parts\725. Split Linked List in Parts.csproj", "{1893AF4B-8B54-4048-A218-EA68119D738E}"
EndProject
Project("{9A19103F-16F7-4668-BE54-9A1E7A4F7556}") = "2326. Spiral Matrix IV", "2326. Spiral Matrix IV\2326. Spiral Matrix IV.csproj", "{B94857DD-7F61-4C07-A318-F2C1F8CCEFAA}"
EndProject
Project("{9A19103F-16F7-4668-BE54-9A1E7A4F7556}") = "1979. Find Greatest Common Divisor of Array", "1979. Find Greatest Common Divisor of Array\1979. Find Greatest Common Divisor of Array.csproj", "{A2048156-50D0-422B-B6FC-A5A08383A205}"
EndProject
Project("{9A19103F-16F7-4668-BE54-9A1E7A4F7556}") = "2807. Insert Greatest Common Divisors in Linked List", "2807. Insert Greatest Common Divisors in Linked List\2807. Insert Greatest Common Divisors in Linked List.csproj", "{AA211E4A-8456-4F43-93D5-ACAFE8C11701}"
EndProject
Project("{9A19103F-16F7-4668-BE54-9A1E7A4F7556}") = "2220. Minimum Bit Flips to Convert Number", "2220. Minimum Bit Flips to Convert Number\2220. Minimum Bit Flips to Convert Number.csproj", "{CB83967E-4127-45F3-8C59-57ECF8A7ED23}"
EndProject
Project("{9A19103F-16F7-4668-BE54-9A1E7A4F7556}") = "1684. Count the Number of Consistent Strings", "1684. Count the Number of Consistent Strings\1684. Count the Number of Consistent Strings.csproj", "{D0458789-DDFA-47C4-A2B2-BF8A2EA03CE9}"
EndProject
Project("{9A19103F-16F7-4668-BE54-9A1E7A4F7556}") = "1310. XOR Queries of a Subarray", "1310. XOR Queries of a Subarray\1310. XOR Queries of a Subarray.csproj", "{28568CC7-8990-4504-8C71-864D3F7BD0FA}"
EndProject
Project("{9A19103F-16F7-4668-BE54-9A1E7A4F7556}") = "2419. Longest Subarray With Maximum Bitwise AND", "2419. Longest Subarray With Maximum Bitwise AND\2419. Longest Subarray With Maximum Bitwise AND.csproj", "{A21A5C68-2155-4C62-972A-7EB69994CABD}"
EndProject
Project("{9A19103F-16F7-4668-BE54-9A1E7A4F7556}") = "53. Maximum Subarray", "53. Maximum Subarray\53. Maximum Subarray.csproj", "{DF55790E-D45E-4E85-8F6F-BD1056B03EE1}"
EndProject
Project("{9A19103F-16F7-4668-BE54-9A1E7A4F7556}") = "1371. Find the Longest Substring Containing Vowels in Even Counts", "1371. Find the Longest Substring Containing Vowels in Even Counts\1371. Find the Longest Substring Containing Vowels in Even Counts.csproj", "{179D285F-2F47-4B12-8E10-00FDE4248FF5}"
EndProject
Project("{9A19103F-16F7-4668-BE54-9A1E7A4F7556}") = "539. Minimum Time Difference", "539. Minimum Time Difference\539. Minimum Time Difference.csproj", "{609C442C-6E3D-4C3C-BE6F-E175C755AD9D}"
EndProject
Project("{9A19103F-16F7-4668-BE54-9A1E7A4F7556}") = "884. Uncommon Words from Two Sentences", "884. Uncommon Words from Two Sentences\884. Uncommon Words from Two Sentences.csproj", "{86767866-AEAF-4128-9A0D-70216A3368FB}"
EndProject
Project("{9A19103F-16F7-4668-BE54-9A1E7A4F7556}") = "179. Largest Number", "179. Largest Number\179. Largest Number.csproj", "{F9596C86-B0DD-426F-B488-D109E4493CE3}"
EndProject
Project("{9A19103F-16F7-4668-BE54-9A1E7A4F7556}") = "241. Different Ways to Add Parentheses", "241. Different Ways to Add Parentheses\241. Different Ways to Add Parentheses.csproj", "{4B43F0B2-9100-4FD3-8F43-007341651BB0}"
EndProject
Project("{9A19103F-16F7-4668-BE54-9A1E7A4F7556}") = "214. Shortest Palindrome", "214. Shortest Palindrome\214. Shortest Palindrome.csproj", "{485D4D54-E622-437B-AF37-34B9EB058ADC}"
EndProject
Project("{FAE04EC0-301F-11D3-BF4B-00C04F79EFBC}") = "386. Lexicographical Numbers", "386. Lexicographical Numbers\386. Lexicographical Numbers.csproj", "{831D9916-8812-4C38-A56F-57A57E6E3173}"
EndProject
Global
	GlobalSection(SolutionConfigurationPlatforms) = preSolution
		Debug|Any CPU = Debug|Any CPU
		Release|Any CPU = Release|Any CPU
	EndGlobalSection
	GlobalSection(ProjectConfigurationPlatforms) = postSolution
		{BF2D0912-E819-424B-BD04-2A47F5EC99F9}.Debug|Any CPU.ActiveCfg = Debug|Any CPU
		{BF2D0912-E819-424B-BD04-2A47F5EC99F9}.Debug|Any CPU.Build.0 = Debug|Any CPU
		{BF2D0912-E819-424B-BD04-2A47F5EC99F9}.Release|Any CPU.ActiveCfg = Release|Any CPU
		{BF2D0912-E819-424B-BD04-2A47F5EC99F9}.Release|Any CPU.Build.0 = Release|Any CPU
		{1C98B5C1-4F9B-4266-B8A6-9562CEF74F33}.Debug|Any CPU.ActiveCfg = Debug|Any CPU
		{1C98B5C1-4F9B-4266-B8A6-9562CEF74F33}.Debug|Any CPU.Build.0 = Debug|Any CPU
		{1C98B5C1-4F9B-4266-B8A6-9562CEF74F33}.Release|Any CPU.ActiveCfg = Release|Any CPU
		{1C98B5C1-4F9B-4266-B8A6-9562CEF74F33}.Release|Any CPU.Build.0 = Release|Any CPU
		{9D6E5D39-BE43-4314-85AC-AEC8A3113A84}.Debug|Any CPU.ActiveCfg = Debug|Any CPU
		{9D6E5D39-BE43-4314-85AC-AEC8A3113A84}.Debug|Any CPU.Build.0 = Debug|Any CPU
		{9D6E5D39-BE43-4314-85AC-AEC8A3113A84}.Release|Any CPU.ActiveCfg = Release|Any CPU
		{9D6E5D39-BE43-4314-85AC-AEC8A3113A84}.Release|Any CPU.Build.0 = Release|Any CPU
		{C2A01491-AD82-47DB-8F52-755635585E5F}.Debug|Any CPU.ActiveCfg = Debug|Any CPU
		{C2A01491-AD82-47DB-8F52-755635585E5F}.Debug|Any CPU.Build.0 = Debug|Any CPU
		{C2A01491-AD82-47DB-8F52-755635585E5F}.Release|Any CPU.ActiveCfg = Release|Any CPU
		{C2A01491-AD82-47DB-8F52-755635585E5F}.Release|Any CPU.Build.0 = Release|Any CPU
		{CE9EB447-EBD3-4F85-B8CD-B520AA39C58D}.Debug|Any CPU.ActiveCfg = Debug|Any CPU
		{CE9EB447-EBD3-4F85-B8CD-B520AA39C58D}.Debug|Any CPU.Build.0 = Debug|Any CPU
		{CE9EB447-EBD3-4F85-B8CD-B520AA39C58D}.Release|Any CPU.ActiveCfg = Release|Any CPU
		{CE9EB447-EBD3-4F85-B8CD-B520AA39C58D}.Release|Any CPU.Build.0 = Release|Any CPU
		{4ACF0BDD-F380-4FAD-BCC0-6018A167D82E}.Debug|Any CPU.ActiveCfg = Debug|Any CPU
		{4ACF0BDD-F380-4FAD-BCC0-6018A167D82E}.Debug|Any CPU.Build.0 = Debug|Any CPU
		{4ACF0BDD-F380-4FAD-BCC0-6018A167D82E}.Release|Any CPU.ActiveCfg = Release|Any CPU
		{4ACF0BDD-F380-4FAD-BCC0-6018A167D82E}.Release|Any CPU.Build.0 = Release|Any CPU
		{63E6F295-4A12-43E7-BD89-554A11240577}.Debug|Any CPU.ActiveCfg = Debug|Any CPU
		{63E6F295-4A12-43E7-BD89-554A11240577}.Debug|Any CPU.Build.0 = Debug|Any CPU
		{63E6F295-4A12-43E7-BD89-554A11240577}.Release|Any CPU.ActiveCfg = Release|Any CPU
		{63E6F295-4A12-43E7-BD89-554A11240577}.Release|Any CPU.Build.0 = Release|Any CPU
		{15E8FE82-DEB9-41A5-9C9E-888882F9B778}.Debug|Any CPU.ActiveCfg = Debug|Any CPU
		{15E8FE82-DEB9-41A5-9C9E-888882F9B778}.Debug|Any CPU.Build.0 = Debug|Any CPU
		{15E8FE82-DEB9-41A5-9C9E-888882F9B778}.Release|Any CPU.ActiveCfg = Release|Any CPU
		{15E8FE82-DEB9-41A5-9C9E-888882F9B778}.Release|Any CPU.Build.0 = Release|Any CPU
		{50531D44-98A1-4EA5-8474-0EE42105D378}.Debug|Any CPU.ActiveCfg = Debug|Any CPU
		{50531D44-98A1-4EA5-8474-0EE42105D378}.Debug|Any CPU.Build.0 = Debug|Any CPU
		{50531D44-98A1-4EA5-8474-0EE42105D378}.Release|Any CPU.ActiveCfg = Release|Any CPU
		{50531D44-98A1-4EA5-8474-0EE42105D378}.Release|Any CPU.Build.0 = Release|Any CPU
		{2FC7424B-5427-4AF0-83B7-5002FFF782EA}.Debug|Any CPU.ActiveCfg = Debug|Any CPU
		{2FC7424B-5427-4AF0-83B7-5002FFF782EA}.Debug|Any CPU.Build.0 = Debug|Any CPU
		{2FC7424B-5427-4AF0-83B7-5002FFF782EA}.Release|Any CPU.ActiveCfg = Release|Any CPU
		{2FC7424B-5427-4AF0-83B7-5002FFF782EA}.Release|Any CPU.Build.0 = Release|Any CPU
		{CFF7A855-B132-4065-AFAB-66F8630B3F57}.Debug|Any CPU.ActiveCfg = Debug|Any CPU
		{CFF7A855-B132-4065-AFAB-66F8630B3F57}.Debug|Any CPU.Build.0 = Debug|Any CPU
		{CFF7A855-B132-4065-AFAB-66F8630B3F57}.Release|Any CPU.ActiveCfg = Release|Any CPU
		{CFF7A855-B132-4065-AFAB-66F8630B3F57}.Release|Any CPU.Build.0 = Release|Any CPU
		{E615907C-EB6A-40BF-A07A-DA3D61E21891}.Debug|Any CPU.ActiveCfg = Debug|Any CPU
		{E615907C-EB6A-40BF-A07A-DA3D61E21891}.Debug|Any CPU.Build.0 = Debug|Any CPU
		{E615907C-EB6A-40BF-A07A-DA3D61E21891}.Release|Any CPU.ActiveCfg = Release|Any CPU
		{E615907C-EB6A-40BF-A07A-DA3D61E21891}.Release|Any CPU.Build.0 = Release|Any CPU
		{E246F178-E160-4181-AEAB-7ED35192642F}.Debug|Any CPU.ActiveCfg = Debug|Any CPU
		{E246F178-E160-4181-AEAB-7ED35192642F}.Debug|Any CPU.Build.0 = Debug|Any CPU
		{E246F178-E160-4181-AEAB-7ED35192642F}.Release|Any CPU.ActiveCfg = Release|Any CPU
		{E246F178-E160-4181-AEAB-7ED35192642F}.Release|Any CPU.Build.0 = Release|Any CPU
		{5756765D-FBEC-490E-9723-15E320504FE9}.Debug|Any CPU.ActiveCfg = Debug|Any CPU
		{5756765D-FBEC-490E-9723-15E320504FE9}.Debug|Any CPU.Build.0 = Debug|Any CPU
		{5756765D-FBEC-490E-9723-15E320504FE9}.Release|Any CPU.ActiveCfg = Release|Any CPU
		{5756765D-FBEC-490E-9723-15E320504FE9}.Release|Any CPU.Build.0 = Release|Any CPU
		{E5E453DA-8CC0-4356-B126-EF95D6C47A8E}.Debug|Any CPU.ActiveCfg = Debug|Any CPU
		{E5E453DA-8CC0-4356-B126-EF95D6C47A8E}.Debug|Any CPU.Build.0 = Debug|Any CPU
		{E5E453DA-8CC0-4356-B126-EF95D6C47A8E}.Release|Any CPU.ActiveCfg = Release|Any CPU
		{E5E453DA-8CC0-4356-B126-EF95D6C47A8E}.Release|Any CPU.Build.0 = Release|Any CPU
		{F9C869FD-BF10-4217-B843-BE32B3526869}.Debug|Any CPU.ActiveCfg = Debug|Any CPU
		{F9C869FD-BF10-4217-B843-BE32B3526869}.Debug|Any CPU.Build.0 = Debug|Any CPU
		{F9C869FD-BF10-4217-B843-BE32B3526869}.Release|Any CPU.ActiveCfg = Release|Any CPU
		{F9C869FD-BF10-4217-B843-BE32B3526869}.Release|Any CPU.Build.0 = Release|Any CPU
		{2B922218-4887-4035-9D22-92F38E36636C}.Debug|Any CPU.ActiveCfg = Debug|Any CPU
		{2B922218-4887-4035-9D22-92F38E36636C}.Debug|Any CPU.Build.0 = Debug|Any CPU
		{2B922218-4887-4035-9D22-92F38E36636C}.Release|Any CPU.ActiveCfg = Release|Any CPU
		{2B922218-4887-4035-9D22-92F38E36636C}.Release|Any CPU.Build.0 = Release|Any CPU
		{C110E99C-2B0A-4EF4-83B8-7D4CCB85EF6E}.Debug|Any CPU.ActiveCfg = Debug|Any CPU
		{C110E99C-2B0A-4EF4-83B8-7D4CCB85EF6E}.Debug|Any CPU.Build.0 = Debug|Any CPU
		{C110E99C-2B0A-4EF4-83B8-7D4CCB85EF6E}.Release|Any CPU.ActiveCfg = Release|Any CPU
		{C110E99C-2B0A-4EF4-83B8-7D4CCB85EF6E}.Release|Any CPU.Build.0 = Release|Any CPU
		{6A84F278-17D9-4634-8246-470C066EB222}.Debug|Any CPU.ActiveCfg = Debug|Any CPU
		{6A84F278-17D9-4634-8246-470C066EB222}.Debug|Any CPU.Build.0 = Debug|Any CPU
		{6A84F278-17D9-4634-8246-470C066EB222}.Release|Any CPU.ActiveCfg = Release|Any CPU
		{6A84F278-17D9-4634-8246-470C066EB222}.Release|Any CPU.Build.0 = Release|Any CPU
		{C413421A-2191-4731-A0B6-C4A61B5D40CD}.Debug|Any CPU.ActiveCfg = Debug|Any CPU
		{C413421A-2191-4731-A0B6-C4A61B5D40CD}.Debug|Any CPU.Build.0 = Debug|Any CPU
		{C413421A-2191-4731-A0B6-C4A61B5D40CD}.Release|Any CPU.ActiveCfg = Release|Any CPU
		{C413421A-2191-4731-A0B6-C4A61B5D40CD}.Release|Any CPU.Build.0 = Release|Any CPU
		{1893AF4B-8B54-4048-A218-EA68119D738E}.Debug|Any CPU.ActiveCfg = Debug|Any CPU
		{1893AF4B-8B54-4048-A218-EA68119D738E}.Debug|Any CPU.Build.0 = Debug|Any CPU
		{1893AF4B-8B54-4048-A218-EA68119D738E}.Release|Any CPU.ActiveCfg = Release|Any CPU
		{1893AF4B-8B54-4048-A218-EA68119D738E}.Release|Any CPU.Build.0 = Release|Any CPU
		{B94857DD-7F61-4C07-A318-F2C1F8CCEFAA}.Debug|Any CPU.ActiveCfg = Debug|Any CPU
		{B94857DD-7F61-4C07-A318-F2C1F8CCEFAA}.Debug|Any CPU.Build.0 = Debug|Any CPU
		{B94857DD-7F61-4C07-A318-F2C1F8CCEFAA}.Release|Any CPU.ActiveCfg = Release|Any CPU
		{B94857DD-7F61-4C07-A318-F2C1F8CCEFAA}.Release|Any CPU.Build.0 = Release|Any CPU
		{A2048156-50D0-422B-B6FC-A5A08383A205}.Debug|Any CPU.ActiveCfg = Debug|Any CPU
		{A2048156-50D0-422B-B6FC-A5A08383A205}.Debug|Any CPU.Build.0 = Debug|Any CPU
		{A2048156-50D0-422B-B6FC-A5A08383A205}.Release|Any CPU.ActiveCfg = Release|Any CPU
		{A2048156-50D0-422B-B6FC-A5A08383A205}.Release|Any CPU.Build.0 = Release|Any CPU
		{AA211E4A-8456-4F43-93D5-ACAFE8C11701}.Debug|Any CPU.ActiveCfg = Debug|Any CPU
		{AA211E4A-8456-4F43-93D5-ACAFE8C11701}.Debug|Any CPU.Build.0 = Debug|Any CPU
		{AA211E4A-8456-4F43-93D5-ACAFE8C11701}.Release|Any CPU.ActiveCfg = Release|Any CPU
		{AA211E4A-8456-4F43-93D5-ACAFE8C11701}.Release|Any CPU.Build.0 = Release|Any CPU
		{CB83967E-4127-45F3-8C59-57ECF8A7ED23}.Debug|Any CPU.ActiveCfg = Debug|Any CPU
		{CB83967E-4127-45F3-8C59-57ECF8A7ED23}.Debug|Any CPU.Build.0 = Debug|Any CPU
		{CB83967E-4127-45F3-8C59-57ECF8A7ED23}.Release|Any CPU.ActiveCfg = Release|Any CPU
		{CB83967E-4127-45F3-8C59-57ECF8A7ED23}.Release|Any CPU.Build.0 = Release|Any CPU
		{D0458789-DDFA-47C4-A2B2-BF8A2EA03CE9}.Debug|Any CPU.ActiveCfg = Debug|Any CPU
		{D0458789-DDFA-47C4-A2B2-BF8A2EA03CE9}.Debug|Any CPU.Build.0 = Debug|Any CPU
		{D0458789-DDFA-47C4-A2B2-BF8A2EA03CE9}.Release|Any CPU.ActiveCfg = Release|Any CPU
		{D0458789-DDFA-47C4-A2B2-BF8A2EA03CE9}.Release|Any CPU.Build.0 = Release|Any CPU
		{28568CC7-8990-4504-8C71-864D3F7BD0FA}.Debug|Any CPU.ActiveCfg = Debug|Any CPU
		{28568CC7-8990-4504-8C71-864D3F7BD0FA}.Debug|Any CPU.Build.0 = Debug|Any CPU
		{28568CC7-8990-4504-8C71-864D3F7BD0FA}.Release|Any CPU.ActiveCfg = Release|Any CPU
		{28568CC7-8990-4504-8C71-864D3F7BD0FA}.Release|Any CPU.Build.0 = Release|Any CPU
		{A21A5C68-2155-4C62-972A-7EB69994CABD}.Debug|Any CPU.ActiveCfg = Debug|Any CPU
		{A21A5C68-2155-4C62-972A-7EB69994CABD}.Debug|Any CPU.Build.0 = Debug|Any CPU
		{A21A5C68-2155-4C62-972A-7EB69994CABD}.Release|Any CPU.ActiveCfg = Release|Any CPU
		{A21A5C68-2155-4C62-972A-7EB69994CABD}.Release|Any CPU.Build.0 = Release|Any CPU
		{DF55790E-D45E-4E85-8F6F-BD1056B03EE1}.Debug|Any CPU.ActiveCfg = Debug|Any CPU
		{DF55790E-D45E-4E85-8F6F-BD1056B03EE1}.Debug|Any CPU.Build.0 = Debug|Any CPU
		{DF55790E-D45E-4E85-8F6F-BD1056B03EE1}.Release|Any CPU.ActiveCfg = Release|Any CPU
		{DF55790E-D45E-4E85-8F6F-BD1056B03EE1}.Release|Any CPU.Build.0 = Release|Any CPU
		{179D285F-2F47-4B12-8E10-00FDE4248FF5}.Debug|Any CPU.ActiveCfg = Debug|Any CPU
		{179D285F-2F47-4B12-8E10-00FDE4248FF5}.Debug|Any CPU.Build.0 = Debug|Any CPU
		{179D285F-2F47-4B12-8E10-00FDE4248FF5}.Release|Any CPU.ActiveCfg = Release|Any CPU
		{179D285F-2F47-4B12-8E10-00FDE4248FF5}.Release|Any CPU.Build.0 = Release|Any CPU
		{609C442C-6E3D-4C3C-BE6F-E175C755AD9D}.Debug|Any CPU.ActiveCfg = Debug|Any CPU
		{609C442C-6E3D-4C3C-BE6F-E175C755AD9D}.Debug|Any CPU.Build.0 = Debug|Any CPU
		{609C442C-6E3D-4C3C-BE6F-E175C755AD9D}.Release|Any CPU.ActiveCfg = Release|Any CPU
		{609C442C-6E3D-4C3C-BE6F-E175C755AD9D}.Release|Any CPU.Build.0 = Release|Any CPU
		{86767866-AEAF-4128-9A0D-70216A3368FB}.Debug|Any CPU.ActiveCfg = Debug|Any CPU
		{86767866-AEAF-4128-9A0D-70216A3368FB}.Debug|Any CPU.Build.0 = Debug|Any CPU
		{86767866-AEAF-4128-9A0D-70216A3368FB}.Release|Any CPU.ActiveCfg = Release|Any CPU
		{86767866-AEAF-4128-9A0D-70216A3368FB}.Release|Any CPU.Build.0 = Release|Any CPU
		{F9596C86-B0DD-426F-B488-D109E4493CE3}.Debug|Any CPU.ActiveCfg = Debug|Any CPU
		{F9596C86-B0DD-426F-B488-D109E4493CE3}.Debug|Any CPU.Build.0 = Debug|Any CPU
		{F9596C86-B0DD-426F-B488-D109E4493CE3}.Release|Any CPU.ActiveCfg = Release|Any CPU
		{F9596C86-B0DD-426F-B488-D109E4493CE3}.Release|Any CPU.Build.0 = Release|Any CPU
		{4B43F0B2-9100-4FD3-8F43-007341651BB0}.Debug|Any CPU.ActiveCfg = Debug|Any CPU
		{4B43F0B2-9100-4FD3-8F43-007341651BB0}.Debug|Any CPU.Build.0 = Debug|Any CPU
		{4B43F0B2-9100-4FD3-8F43-007341651BB0}.Release|Any CPU.ActiveCfg = Release|Any CPU
		{4B43F0B2-9100-4FD3-8F43-007341651BB0}.Release|Any CPU.Build.0 = Release|Any CPU
		{485D4D54-E622-437B-AF37-34B9EB058ADC}.Debug|Any CPU.ActiveCfg = Debug|Any CPU
		{485D4D54-E622-437B-AF37-34B9EB058ADC}.Debug|Any CPU.Build.0 = Debug|Any CPU
		{485D4D54-E622-437B-AF37-34B9EB058ADC}.Release|Any CPU.ActiveCfg = Release|Any CPU
		{485D4D54-E622-437B-AF37-34B9EB058ADC}.Release|Any CPU.Build.0 = Release|Any CPU
		{831D9916-8812-4C38-A56F-57A57E6E3173}.Debug|Any CPU.ActiveCfg = Debug|Any CPU
		{831D9916-8812-4C38-A56F-57A57E6E3173}.Debug|Any CPU.Build.0 = Debug|Any CPU
		{831D9916-8812-4C38-A56F-57A57E6E3173}.Release|Any CPU.ActiveCfg = Release|Any CPU
		{831D9916-8812-4C38-A56F-57A57E6E3173}.Release|Any CPU.Build.0 = Release|Any CPU
	EndGlobalSection
	GlobalSection(SolutionProperties) = preSolution
		HideSolutionNode = FALSE
	EndGlobalSection
	GlobalSection(ExtensibilityGlobals) = postSolution
		SolutionGuid = {D33A8F3E-2073-4791-9DD8-81DAAB895B9E}
	EndGlobalSection
EndGlobal
