
Microsoft Visual Studio Solution File, Format Version 12.00
# Visual Studio Version 17
VisualStudioVersion = 17.6.33815.320
MinimumVisualStudioVersion = 10.0.40219.1
Project("{FAE04EC0-301F-11D3-BF4B-00C04F79EFBC}") = "229. Majority Element II", "229. Majority Element II.csproj", "{5CF39C50-376B-4F20-8CE4-E734AB594A65}"
EndProject
Global
	GlobalSection(SolutionConfigurationPlatforms) = preSolution
		Debug|Any CPU = Debug|Any CPU
		Release|Any CPU = Release|Any CPU
	EndGlobalSection
	GlobalSection(ProjectConfigurationPlatforms) = postSolution
		{5CF39C50-376B-4F20-8CE4-E734AB594A65}.Debug|Any CPU.ActiveCfg = Debug|Any CPU
		{5CF39C50-376B-4F20-8CE4-E734AB594A65}.Debug|Any CPU.Build.0 = Debug|Any CPU
		{5CF39C50-376B-4F20-8CE4-E734AB594A65}.Release|Any CPU.ActiveCfg = Release|Any CPU
		{5CF39C50-376B-4F20-8CE4-E734AB594A65}.Release|Any CPU.Build.0 = Release|Any CPU
	EndGlobalSection
	GlobalSection(SolutionProperties) = preSolution
		HideSolutionNode = FALSE
	EndGlobalSection
	GlobalSection(ExtensibilityGlobals) = postSolution
		SolutionGuid = {799E7D7E-1460-49A8-B0EF-800775D0E952}
	EndGlobalSection
EndGlobal
