
Microsoft Visual Studio Solution File, Format Version 12.00
# Visual Studio Version 17
VisualStudioVersion = 17.6.33815.320
MinimumVisualStudioVersion = 10.0.40219.1
Project("{FAE04EC0-301F-11D3-BF4B-00C04F79EFBC}") = "1512. Number of Good Pairs", "1512. Number of Good Pairs.csproj", "{33BC7069-2B03-4224-BF30-3569CAAF1D0D}"
EndProject
Global
	GlobalSection(SolutionConfigurationPlatforms) = preSolution
		Debug|Any CPU = Debug|Any CPU
		Release|Any CPU = Release|Any CPU
	EndGlobalSection
	GlobalSection(ProjectConfigurationPlatforms) = postSolution
		{33BC7069-2B03-4224-BF30-3569CAAF1D0D}.Debug|Any CPU.ActiveCfg = Debug|Any CPU
		{33BC7069-2B03-4224-BF30-3569CAAF1D0D}.Debug|Any CPU.Build.0 = Debug|Any CPU
		{33BC7069-2B03-4224-BF30-3569CAAF1D0D}.Release|Any CPU.ActiveCfg = Release|Any CPU
		{33BC7069-2B03-4224-BF30-3569CAAF1D0D}.Release|Any CPU.Build.0 = Release|Any CPU
	EndGlobalSection
	GlobalSection(SolutionProperties) = preSolution
		HideSolutionNode = FALSE
	EndGlobalSection
	GlobalSection(ExtensibilityGlobals) = postSolution
		SolutionGuid = {DEC88952-0A81-4C43-88E9-A38D75AA2C15}
	EndGlobalSection
EndGlobal
